
Microsoft Visual Studio Solution File, Format Version 12.00
# Visual Studio 15
VisualStudioVersion = 15.0.27130.2036
MinimumVisualStudioVersion = 10.0.40219.1
Project("{FAE04EC0-301F-11D3-BF4B-00C04F79EFBC}") = "XsdToCode.Example", "XsdToCode.Example\XsdToCode.Example.csproj", "{1734F03B-2393-42BC-9113-4C8BFDDCF3B9}"
EndProject
Global
	GlobalSection(SolutionConfigurationPlatforms) = preSolution
		Debug|Any CPU = Debug|Any CPU
		Release|Any CPU = Release|Any CPU
	EndGlobalSection
	GlobalSection(ProjectConfigurationPlatforms) = postSolution
		{1734F03B-2393-42BC-9113-4C8BFDDCF3B9}.Debug|Any CPU.ActiveCfg = Debug|Any CPU
		{1734F03B-2393-42BC-9113-4C8BFDDCF3B9}.Debug|Any CPU.Build.0 = Debug|Any CPU
		{1734F03B-2393-42BC-9113-4C8BFDDCF3B9}.Release|Any CPU.ActiveCfg = Release|Any CPU
		{1734F03B-2393-42BC-9113-4C8BFDDCF3B9}.Release|Any CPU.Build.0 = Release|Any CPU
	EndGlobalSection
	GlobalSection(SolutionProperties) = preSolution
		HideSolutionNode = FALSE
	EndGlobalSection
	GlobalSection(ExtensibilityGlobals) = postSolution
		SolutionGuid = {0FA77AE8-9BCE-443D-AFCD-A697FF9631BF}
	EndGlobalSection
EndGlobal
